// !$*UTF8*$!
{
	archiveVersion = 1;
	classes = {
	};
	objectVersion = 46;
	objects = {

/* Begin PBXBuildFile section */
		2019BD7E1E2600A200039368 /* NotificationCenter.framework in Frameworks */ = {isa = PBXBuildFile; fileRef = 2019BD7D1E2600A200039368 /* NotificationCenter.framework */; };
		2019BD821E2600A200039368 /* TodayViewController.m in Sources */ = {isa = PBXBuildFile; fileRef = 2019BD811E2600A200039368 /* TodayViewController.m */; };
		2019BD851E2600A200039368 /* MainInterface.storyboard in Resources */ = {isa = PBXBuildFile; fileRef = 2019BD831E2600A200039368 /* MainInterface.storyboard */; };
		2019BD891E2600A200039368 /* weatherTodayExtension.appex in Embed App Extensions */ = {isa = PBXBuildFile; fileRef = 2019BD7C1E2600A200039368 /* weatherTodayExtension.appex */; settings = {ATTRIBUTES = (RemoveHeadersOnCopy, ); }; };
		2019BD961E2714B700039368 /* 102.png in Resources */ = {isa = PBXBuildFile; fileRef = 2019BD951E2714B700039368 /* 102.png */; };
		205B66661E2203B70092D64C /* main.m in Sources */ = {isa = PBXBuildFile; fileRef = 205B66651E2203B70092D64C /* main.m */; };
		205B66691E2203B70092D64C /* AppDelegate.m in Sources */ = {isa = PBXBuildFile; fileRef = 205B66681E2203B70092D64C /* AppDelegate.m */; };
		205B666F1E2203B70092D64C /* Main.storyboard in Resources */ = {isa = PBXBuildFile; fileRef = 205B666D1E2203B70092D64C /* Main.storyboard */; };
		205B66711E2203B70092D64C /* Assets.xcassets in Resources */ = {isa = PBXBuildFile; fileRef = 205B66701E2203B70092D64C /* Assets.xcassets */; };
		205B66741E2203B70092D64C /* LaunchScreen.storyboard in Resources */ = {isa = PBXBuildFile; fileRef = 205B66721E2203B70092D64C /* LaunchScreen.storyboard */; };
		205B667F1E2203B70092D64C /* weatherTests.m in Sources */ = {isa = PBXBuildFile; fileRef = 205B667E1E2203B70092D64C /* weatherTests.m */; };
		205B668A1E2203B70092D64C /* weatherUITests.m in Sources */ = {isa = PBXBuildFile; fileRef = 205B66891E2203B70092D64C /* weatherUITests.m */; };
		20607B0A1E24C45300D9FFA4 /* Helvetica LT 25 Ultra Light.ttf in Resources */ = {isa = PBXBuildFile; fileRef = 20607B091E24C45300D9FFA4 /* Helvetica LT 25 Ultra Light.ttf */; };
		20607B0E1E24DCEF00D9FFA4 /* weatherHourTableViewCell.m in Sources */ = {isa = PBXBuildFile; fileRef = 20607B0C1E24DCEF00D9FFA4 /* weatherHourTableViewCell.m */; };
		20607B0F1E24DCEF00D9FFA4 /* weatherHourTableViewCell.xib in Resources */ = {isa = PBXBuildFile; fileRef = 20607B0D1E24DCEF00D9FFA4 /* weatherHourTableViewCell.xib */; };
		20B6E3B91E23373800C91D4F /* Foundation.framework in Frameworks */ = {isa = PBXBuildFile; fileRef = 20B6E3B81E23373800C91D4F /* Foundation.framework */; };
		20B6E3BB1E23374000C91D4F /* CoreGraphics.framework in Frameworks */ = {isa = PBXBuildFile; fileRef = 20B6E3BA1E23374000C91D4F /* CoreGraphics.framework */; };
		20B6E3BD1E23374600C91D4F /* UIKit.framework in Frameworks */ = {isa = PBXBuildFile; fileRef = 20B6E3BC1E23374600C91D4F /* UIKit.framework */; };
		20B6E3F51E23933D00C91D4F /* weatherTableViewController.m in Sources */ = {isa = PBXBuildFile; fileRef = 20B6E3F41E23933D00C91D4F /* weatherTableViewController.m */; };
		20B6E3F91E23973D00C91D4F /* weatherTableViewCell.m in Sources */ = {isa = PBXBuildFile; fileRef = 20B6E3F71E23973D00C91D4F /* weatherTableViewCell.m */; };
		20B6E3FA1E23973D00C91D4F /* weatherTableViewCell.xib in Resources */ = {isa = PBXBuildFile; fileRef = 20B6E3F81E23973D00C91D4F /* weatherTableViewCell.xib */; };
		20B6E4011E23977800C91D4F /* forecastTableViewCell.m in Sources */ = {isa = PBXBuildFile; fileRef = 20B6E3FF1E23977800C91D4F /* forecastTableViewCell.m */; };
		20B6E4021E23977800C91D4F /* forecastTableViewCell.xib in Resources */ = {isa = PBXBuildFile; fileRef = 20B6E4001E23977800C91D4F /* forecastTableViewCell.xib */; };
		20B6E4061E23978E00C91D4F /* suggestTableViewCell.m in Sources */ = {isa = PBXBuildFile; fileRef = 20B6E4041E23978E00C91D4F /* suggestTableViewCell.m */; };
		20B6E4071E23978E00C91D4F /* suggestTableViewCell.xib in Resources */ = {isa = PBXBuildFile; fileRef = 20B6E4051E23978E00C91D4F /* suggestTableViewCell.xib */; };
		20B6E40B1E2397ED00C91D4F /* weatherTodayTableViewCell.m in Sources */ = {isa = PBXBuildFile; fileRef = 20B6E4091E2397ED00C91D4F /* weatherTodayTableViewCell.m */; };
		20B6E40C1E2397ED00C91D4F /* weatherTodayTableViewCell.xib in Resources */ = {isa = PBXBuildFile; fileRef = 20B6E40A1E2397ED00C91D4F /* weatherTodayTableViewCell.xib */; };
		2D78AD661E2E90BB002F6690 /* NetworkExtension.framework in Frameworks */ = {isa = PBXBuildFile; fileRef = 2D78AD651E2E90BA002F6690 /* NetworkExtension.framework */; };
		2D78AD681E2E90C4002F6690 /* CFNetwork.framework in Frameworks */ = {isa = PBXBuildFile; fileRef = 2D78AD671E2E90C4002F6690 /* CFNetwork.framework */; };
/* End PBXBuildFile section */

/* Begin PBXContainerItemProxy section */
		2019BD871E2600A200039368 /* PBXContainerItemProxy */ = {
			isa = PBXContainerItemProxy;
			containerPortal = 205B66591E2203B70092D64C /* Project object */;
			proxyType = 1;
			remoteGlobalIDString = 2019BD7B1E2600A200039368;
			remoteInfo = weatherTodayExtension;
		};
		205B667B1E2203B70092D64C /* PBXContainerItemProxy */ = {
			isa = PBXContainerItemProxy;
			containerPortal = 205B66591E2203B70092D64C /* Project object */;
			proxyType = 1;
			remoteGlobalIDString = 205B66601E2203B70092D64C;
			remoteInfo = weather;
		};
		205B66861E2203B70092D64C /* PBXContainerItemProxy */ = {
			isa = PBXContainerItemProxy;
			containerPortal = 205B66591E2203B70092D64C /* Project object */;
			proxyType = 1;
			remoteGlobalIDString = 205B66601E2203B70092D64C;
			remoteInfo = weather;
		};
/* End PBXContainerItemProxy section */

/* Begin PBXCopyFilesBuildPhase section */
		2019BD8D1E2600A200039368 /* Embed App Extensions */ = {
			isa = PBXCopyFilesBuildPhase;
			buildActionMask = 2147483647;
			dstPath = "";
			dstSubfolderSpec = 13;
			files = (
				2019BD891E2600A200039368 /* weatherTodayExtension.appex in Embed App Extensions */,
			);
			name = "Embed App Extensions";
			runOnlyForDeploymentPostprocessing = 0;
		};
/* End PBXCopyFilesBuildPhase section */

/* Begin PBXFileReference section */
		2019BD7C1E2600A200039368 /* weatherTodayExtension.appex */ = {isa = PBXFileReference; explicitFileType = "wrapper.app-extension"; includeInIndex = 0; path = weatherTodayExtension.appex; sourceTree = BUILT_PRODUCTS_DIR; };
		2019BD7D1E2600A200039368 /* NotificationCenter.framework */ = {isa = PBXFileReference; lastKnownFileType = wrapper.framework; name = NotificationCenter.framework; path = System/Library/Frameworks/NotificationCenter.framework; sourceTree = SDKROOT; };
		2019BD801E2600A200039368 /* TodayViewController.h */ = {isa = PBXFileReference; lastKnownFileType = sourcecode.c.h; path = TodayViewController.h; sourceTree = "<group>"; };
		2019BD811E2600A200039368 /* TodayViewController.m */ = {isa = PBXFileReference; lastKnownFileType = sourcecode.c.objc; path = TodayViewController.m; sourceTree = "<group>"; };
		2019BD841E2600A200039368 /* Base */ = {isa = PBXFileReference; lastKnownFileType = file.storyboard; name = Base; path = Base.lproj/MainInterface.storyboard; sourceTree = "<group>"; };
		2019BD861E2600A200039368 /* Info.plist */ = {isa = PBXFileReference; lastKnownFileType = text.plist.xml; path = Info.plist; sourceTree = "<group>"; };
		2019BD8E1E26029300039368 /* weatherTodayExtension.entitlements */ = {isa = PBXFileReference; lastKnownFileType = text.plist.entitlements; path = weatherTodayExtension.entitlements; sourceTree = "<group>"; };
		2019BD951E2714B700039368 /* 102.png */ = {isa = PBXFileReference; lastKnownFileType = image.png; path = 102.png; sourceTree = "<group>"; };
		205B66611E2203B70092D64C /* weather.app */ = {isa = PBXFileReference; explicitFileType = wrapper.application; includeInIndex = 0; path = weather.app; sourceTree = BUILT_PRODUCTS_DIR; };
		205B66651E2203B70092D64C /* main.m */ = {isa = PBXFileReference; lastKnownFileType = sourcecode.c.objc; path = main.m; sourceTree = "<group>"; };
		205B66671E2203B70092D64C /* AppDelegate.h */ = {isa = PBXFileReference; lastKnownFileType = sourcecode.c.h; path = AppDelegate.h; sourceTree = "<group>"; };
		205B66681E2203B70092D64C /* AppDelegate.m */ = {isa = PBXFileReference; lastKnownFileType = sourcecode.c.objc; path = AppDelegate.m; sourceTree = "<group>"; };
		205B666E1E2203B70092D64C /* Base */ = {isa = PBXFileReference; lastKnownFileType = file.storyboard; name = Base; path = Base.lproj/Main.storyboard; sourceTree = "<group>"; };
		205B66701E2203B70092D64C /* Assets.xcassets */ = {isa = PBXFileReference; lastKnownFileType = folder.assetcatalog; path = Assets.xcassets; sourceTree = "<group>"; };
		205B66731E2203B70092D64C /* Base */ = {isa = PBXFileReference; lastKnownFileType = file.storyboard; name = Base; path = Base.lproj/LaunchScreen.storyboard; sourceTree = "<group>"; };
		205B66751E2203B70092D64C /* Info.plist */ = {isa = PBXFileReference; lastKnownFileType = text.plist.xml; path = Info.plist; sourceTree = "<group>"; };
		205B667A1E2203B70092D64C /* weatherTests.xctest */ = {isa = PBXFileReference; explicitFileType = wrapper.cfbundle; includeInIndex = 0; path = weatherTests.xctest; sourceTree = BUILT_PRODUCTS_DIR; };
		205B667E1E2203B70092D64C /* weatherTests.m */ = {isa = PBXFileReference; lastKnownFileType = sourcecode.c.objc; path = weatherTests.m; sourceTree = "<group>"; };
		205B66801E2203B70092D64C /* Info.plist */ = {isa = PBXFileReference; lastKnownFileType = text.plist.xml; path = Info.plist; sourceTree = "<group>"; };
		205B66851E2203B70092D64C /* weatherUITests.xctest */ = {isa = PBXFileReference; explicitFileType = wrapper.cfbundle; includeInIndex = 0; path = weatherUITests.xctest; sourceTree = BUILT_PRODUCTS_DIR; };
		205B66891E2203B70092D64C /* weatherUITests.m */ = {isa = PBXFileReference; lastKnownFileType = sourcecode.c.objc; path = weatherUITests.m; sourceTree = "<group>"; };
		205B668B1E2203B70092D64C /* Info.plist */ = {isa = PBXFileReference; lastKnownFileType = text.plist.xml; path = Info.plist; sourceTree = "<group>"; };
		20607B091E24C45300D9FFA4 /* Helvetica LT 25 Ultra Light.ttf */ = {isa = PBXFileReference; lastKnownFileType = file; path = "Helvetica LT 25 Ultra Light.ttf"; sourceTree = "<group>"; };
		20607B0B1E24DCEF00D9FFA4 /* weatherHourTableViewCell.h */ = {isa = PBXFileReference; fileEncoding = 4; lastKnownFileType = sourcecode.c.h; path = weatherHourTableViewCell.h; sourceTree = "<group>"; };
		20607B0C1E24DCEF00D9FFA4 /* weatherHourTableViewCell.m */ = {isa = PBXFileReference; fileEncoding = 4; lastKnownFileType = sourcecode.c.objc; path = weatherHourTableViewCell.m; sourceTree = "<group>"; };
		20607B0D1E24DCEF00D9FFA4 /* weatherHourTableViewCell.xib */ = {isa = PBXFileReference; fileEncoding = 4; lastKnownFileType = file.xib; path = weatherHourTableViewCell.xib; sourceTree = "<group>"; };
		20B6E3B81E23373800C91D4F /* Foundation.framework */ = {isa = PBXFileReference; lastKnownFileType = wrapper.framework; name = Foundation.framework; path = System/Library/Frameworks/Foundation.framework; sourceTree = SDKROOT; };
		20B6E3BA1E23374000C91D4F /* CoreGraphics.framework */ = {isa = PBXFileReference; lastKnownFileType = wrapper.framework; name = CoreGraphics.framework; path = System/Library/Frameworks/CoreGraphics.framework; sourceTree = SDKROOT; };
		20B6E3BC1E23374600C91D4F /* UIKit.framework */ = {isa = PBXFileReference; lastKnownFileType = wrapper.framework; name = UIKit.framework; path = System/Library/Frameworks/UIKit.framework; sourceTree = SDKROOT; };
		20B6E3F31E23933D00C91D4F /* weatherTableViewController.h */ = {isa = PBXFileReference; fileEncoding = 4; lastKnownFileType = sourcecode.c.h; path = weatherTableViewController.h; sourceTree = "<group>"; };
		20B6E3F41E23933D00C91D4F /* weatherTableViewController.m */ = {isa = PBXFileReference; fileEncoding = 4; lastKnownFileType = sourcecode.c.objc; path = weatherTableViewController.m; sourceTree = "<group>"; };
		20B6E3F61E23973D00C91D4F /* weatherTableViewCell.h */ = {isa = PBXFileReference; fileEncoding = 4; lastKnownFileType = sourcecode.c.h; path = weatherTableViewCell.h; sourceTree = "<group>"; };
		20B6E3F71E23973D00C91D4F /* weatherTableViewCell.m */ = {isa = PBXFileReference; fileEncoding = 4; lastKnownFileType = sourcecode.c.objc; path = weatherTableViewCell.m; sourceTree = "<group>"; };
		20B6E3F81E23973D00C91D4F /* weatherTableViewCell.xib */ = {isa = PBXFileReference; fileEncoding = 4; lastKnownFileType = file.xib; path = weatherTableViewCell.xib; sourceTree = "<group>"; };
		20B6E3FE1E23977800C91D4F /* forecastTableViewCell.h */ = {isa = PBXFileReference; fileEncoding = 4; lastKnownFileType = sourcecode.c.h; path = forecastTableViewCell.h; sourceTree = "<group>"; };
		20B6E3FF1E23977800C91D4F /* forecastTableViewCell.m */ = {isa = PBXFileReference; fileEncoding = 4; lastKnownFileType = sourcecode.c.objc; path = forecastTableViewCell.m; sourceTree = "<group>"; };
		20B6E4001E23977800C91D4F /* forecastTableViewCell.xib */ = {isa = PBXFileReference; fileEncoding = 4; lastKnownFileType = file.xib; path = forecastTableViewCell.xib; sourceTree = "<group>"; };
		20B6E4031E23978E00C91D4F /* suggestTableViewCell.h */ = {isa = PBXFileReference; fileEncoding = 4; lastKnownFileType = sourcecode.c.h; path = suggestTableViewCell.h; sourceTree = "<group>"; };
		20B6E4041E23978E00C91D4F /* suggestTableViewCell.m */ = {isa = PBXFileReference; fileEncoding = 4; lastKnownFileType = sourcecode.c.objc; path = suggestTableViewCell.m; sourceTree = "<group>"; };
		20B6E4051E23978E00C91D4F /* suggestTableViewCell.xib */ = {isa = PBXFileReference; fileEncoding = 4; lastKnownFileType = file.xib; path = suggestTableViewCell.xib; sourceTree = "<group>"; };
		20B6E4081E2397ED00C91D4F /* weatherTodayTableViewCell.h */ = {isa = PBXFileReference; fileEncoding = 4; lastKnownFileType = sourcecode.c.h; path = weatherTodayTableViewCell.h; sourceTree = "<group>"; };
		20B6E4091E2397ED00C91D4F /* weatherTodayTableViewCell.m */ = {isa = PBXFileReference; fileEncoding = 4; lastKnownFileType = sourcecode.c.objc; path = weatherTodayTableViewCell.m; sourceTree = "<group>"; };
		20B6E40A1E2397ED00C91D4F /* weatherTodayTableViewCell.xib */ = {isa = PBXFileReference; fileEncoding = 4; lastKnownFileType = file.xib; path = weatherTodayTableViewCell.xib; sourceTree = "<group>"; };
		2D78AD641E2E8EF7002F6690 /* weather.entitlements */ = {isa = PBXFileReference; lastKnownFileType = text.plist.entitlements; path = weather.entitlements; sourceTree = "<group>"; };
		2D78AD651E2E90BA002F6690 /* NetworkExtension.framework */ = {isa = PBXFileReference; lastKnownFileType = wrapper.framework; name = NetworkExtension.framework; path = System/Library/Frameworks/NetworkExtension.framework; sourceTree = SDKROOT; };
		2D78AD671E2E90C4002F6690 /* CFNetwork.framework */ = {isa = PBXFileReference; lastKnownFileType = wrapper.framework; name = CFNetwork.framework; path = System/Library/Frameworks/CFNetwork.framework; sourceTree = SDKROOT; };
/* End PBXFileReference section */

/* Begin PBXFrameworksBuildPhase section */
		2019BD791E2600A200039368 /* Frameworks */ = {
			isa = PBXFrameworksBuildPhase;
			buildActionMask = 2147483647;
			files = (
				2019BD7E1E2600A200039368 /* NotificationCenter.framework in Frameworks */,
			);
			runOnlyForDeploymentPostprocessing = 0;
		};
		205B665E1E2203B70092D64C /* Frameworks */ = {
			isa = PBXFrameworksBuildPhase;
			buildActionMask = 2147483647;
			files = (
				2D78AD681E2E90C4002F6690 /* CFNetwork.framework in Frameworks */,
				2D78AD661E2E90BB002F6690 /* NetworkExtension.framework in Frameworks */,
				20B6E3BD1E23374600C91D4F /* UIKit.framework in Frameworks */,
				20B6E3BB1E23374000C91D4F /* CoreGraphics.framework in Frameworks */,
				20B6E3B91E23373800C91D4F /* Foundation.framework in Frameworks */,
			);
			runOnlyForDeploymentPostprocessing = 0;
		};
		205B66771E2203B70092D64C /* Frameworks */ = {
			isa = PBXFrameworksBuildPhase;
			buildActionMask = 2147483647;
			files = (
			);
			runOnlyForDeploymentPostprocessing = 0;
		};
		205B66821E2203B70092D64C /* Frameworks */ = {
			isa = PBXFrameworksBuildPhase;
			buildActionMask = 2147483647;
			files = (
			);
			runOnlyForDeploymentPostprocessing = 0;
		};
/* End PBXFrameworksBuildPhase section */

/* Begin PBXGroup section */
		2019BD7F1E2600A200039368 /* weatherTodayExtension */ = {
			isa = PBXGroup;
			children = (
				2019BD921E263A7E00039368 /* Resource */,
				2019BD8F1E2619FF00039368 /* View */,
				2019BD901E2619FF00039368 /* Model */,
				2019BD911E2619FF00039368 /* Controller */,
				2019BD8E1E26029300039368 /* weatherTodayExtension.entitlements */,
				2019BD801E2600A200039368 /* TodayViewController.h */,
				2019BD811E2600A200039368 /* TodayViewController.m */,
				2019BD831E2600A200039368 /* MainInterface.storyboard */,
				2019BD861E2600A200039368 /* Info.plist */,
			);
			path = weatherTodayExtension;
			sourceTree = "<group>";
		};
		2019BD8F1E2619FF00039368 /* View */ = {
			isa = PBXGroup;
			children = (
			);
			path = View;
			sourceTree = "<group>";
		};
		2019BD901E2619FF00039368 /* Model */ = {
			isa = PBXGroup;
			children = (
			);
			path = Model;
			sourceTree = "<group>";
		};
		2019BD911E2619FF00039368 /* Controller */ = {
			isa = PBXGroup;
			children = (
			);
			path = Controller;
			sourceTree = "<group>";
		};
		2019BD921E263A7E00039368 /* Resource */ = {
			isa = PBXGroup;
			children = (
				2019BD951E2714B700039368 /* 102.png */,
			);
			path = Resource;
			sourceTree = "<group>";
		};
		205B66581E2203B70092D64C = {
			isa = PBXGroup;
			children = (
				205B66631E2203B70092D64C /* weather */,
				205B667D1E2203B70092D64C /* weatherTests */,
				205B66881E2203B70092D64C /* weatherUITests */,
				2019BD7F1E2600A200039368 /* weatherTodayExtension */,
				205B66621E2203B70092D64C /* Products */,
				20B6E3B71E23373800C91D4F /* Frameworks */,
			);
			sourceTree = "<group>";
		};
		205B66621E2203B70092D64C /* Products */ = {
			isa = PBXGroup;
			children = (
				205B66611E2203B70092D64C /* weather.app */,
				205B667A1E2203B70092D64C /* weatherTests.xctest */,
				205B66851E2203B70092D64C /* weatherUITests.xctest */,
				2019BD7C1E2600A200039368 /* weatherTodayExtension.appex */,
			);
			name = Products;
			sourceTree = "<group>";
		};
		205B66631E2203B70092D64C /* weather */ = {
			isa = PBXGroup;
			children = (
				2D78AD641E2E8EF7002F6690 /* weather.entitlements */,
				20607B081E24C44000D9FFA4 /* Resource */,
				20B6E3B61E2336E100C91D4F /* lib */,
				205B66671E2203B70092D64C /* AppDelegate.h */,
				205B66681E2203B70092D64C /* AppDelegate.m */,
				20607B0B1E24DCEF00D9FFA4 /* weatherHourTableViewCell.h */,
				20607B0C1E24DCEF00D9FFA4 /* weatherHourTableViewCell.m */,
				20607B0D1E24DCEF00D9FFA4 /* weatherHourTableViewCell.xib */,
				20B6E4081E2397ED00C91D4F /* weatherTodayTableViewCell.h */,
				20B6E4091E2397ED00C91D4F /* weatherTodayTableViewCell.m */,
				20B6E40A1E2397ED00C91D4F /* weatherTodayTableViewCell.xib */,
				20B6E4031E23978E00C91D4F /* suggestTableViewCell.h */,
				20B6E4041E23978E00C91D4F /* suggestTableViewCell.m */,
				20B6E4051E23978E00C91D4F /* suggestTableViewCell.xib */,
				20B6E3F61E23973D00C91D4F /* weatherTableViewCell.h */,
				20B6E3F71E23973D00C91D4F /* weatherTableViewCell.m */,
				20B6E3F81E23973D00C91D4F /* weatherTableViewCell.xib */,
				20B6E3FE1E23977800C91D4F /* forecastTableViewCell.h */,
				20B6E3FF1E23977800C91D4F /* forecastTableViewCell.m */,
				20B6E4001E23977800C91D4F /* forecastTableViewCell.xib */,
				20B6E3F31E23933D00C91D4F /* weatherTableViewController.h */,
				20B6E3F41E23933D00C91D4F /* weatherTableViewController.m */,
				205B666D1E2203B70092D64C /* Main.storyboard */,
				205B66701E2203B70092D64C /* Assets.xcassets */,
				205B66721E2203B70092D64C /* LaunchScreen.storyboard */,
				205B66751E2203B70092D64C /* Info.plist */,
				205B66641E2203B70092D64C /* Supporting Files */,
			);
			path = weather;
			sourceTree = "<group>";
		};
		205B66641E2203B70092D64C /* Supporting Files */ = {
			isa = PBXGroup;
			children = (
				205B66651E2203B70092D64C /* main.m */,
			);
			name = "Supporting Files";
			sourceTree = "<group>";
		};
		205B667D1E2203B70092D64C /* weatherTests */ = {
			isa = PBXGroup;
			children = (
				205B667E1E2203B70092D64C /* weatherTests.m */,
				205B66801E2203B70092D64C /* Info.plist */,
			);
			path = weatherTests;
			sourceTree = "<group>";
		};
		205B66881E2203B70092D64C /* weatherUITests */ = {
			isa = PBXGroup;
			children = (
				205B66891E2203B70092D64C /* weatherUITests.m */,
				205B668B1E2203B70092D64C /* Info.plist */,
			);
			path = weatherUITests;
			sourceTree = "<group>";
		};
		20607B081E24C44000D9FFA4 /* Resource */ = {
			isa = PBXGroup;
			children = (
				20607B091E24C45300D9FFA4 /* Helvetica LT 25 Ultra Light.ttf */,
			);
			path = Resource;
			sourceTree = "<group>";
		};
		20B6E3B61E2336E100C91D4F /* lib */ = {
			isa = PBXGroup;
			children = (
			);
			path = lib;
			sourceTree = "<group>";
		};
		20B6E3B71E23373800C91D4F /* Frameworks */ = {
			isa = PBXGroup;
			children = (
				2D78AD671E2E90C4002F6690 /* CFNetwork.framework */,
				2D78AD651E2E90BA002F6690 /* NetworkExtension.framework */,
				20B6E3BC1E23374600C91D4F /* UIKit.framework */,
				20B6E3BA1E23374000C91D4F /* CoreGraphics.framework */,
				20B6E3B81E23373800C91D4F /* Foundation.framework */,
				2019BD7D1E2600A200039368 /* NotificationCenter.framework */,
			);
			name = Frameworks;
			sourceTree = "<group>";
		};
/* End PBXGroup section */

/* Begin PBXNativeTarget section */
		2019BD7B1E2600A200039368 /* weatherTodayExtension */ = {
			isa = PBXNativeTarget;
			buildConfigurationList = 2019BD8A1E2600A200039368 /* Build configuration list for PBXNativeTarget "weatherTodayExtension" */;
			buildPhases = (
				2019BD781E2600A200039368 /* Sources */,
				2019BD791E2600A200039368 /* Frameworks */,
				2019BD7A1E2600A200039368 /* Resources */,
			);
			buildRules = (
			);
			dependencies = (
			);
			name = weatherTodayExtension;
			productName = weatherTodayExtension;
			productReference = 2019BD7C1E2600A200039368 /* weatherTodayExtension.appex */;
			productType = "com.apple.product-type.app-extension";
		};
		205B66601E2203B70092D64C /* weather */ = {
			isa = PBXNativeTarget;
			buildConfigurationList = 205B668E1E2203B70092D64C /* Build configuration list for PBXNativeTarget "weather" */;
			buildPhases = (
				205B665D1E2203B70092D64C /* Sources */,
				205B665E1E2203B70092D64C /* Frameworks */,
				205B665F1E2203B70092D64C /* Resources */,
				2019BD8D1E2600A200039368 /* Embed App Extensions */,
			);
			buildRules = (
			);
			dependencies = (
				2019BD881E2600A200039368 /* PBXTargetDependency */,
			);
			name = weather;
			productName = weather;
			productReference = 205B66611E2203B70092D64C /* weather.app */;
			productType = "com.apple.product-type.application";
		};
		205B66791E2203B70092D64C /* weatherTests */ = {
			isa = PBXNativeTarget;
			buildConfigurationList = 205B66911E2203B70092D64C /* Build configuration list for PBXNativeTarget "weatherTests" */;
			buildPhases = (
				205B66761E2203B70092D64C /* Sources */,
				205B66771E2203B70092D64C /* Frameworks */,
				205B66781E2203B70092D64C /* Resources */,
			);
			buildRules = (
			);
			dependencies = (
				205B667C1E2203B70092D64C /* PBXTargetDependency */,
			);
			name = weatherTests;
			productName = weatherTests;
			productReference = 205B667A1E2203B70092D64C /* weatherTests.xctest */;
			productType = "com.apple.product-type.bundle.unit-test";
		};
		205B66841E2203B70092D64C /* weatherUITests */ = {
			isa = PBXNativeTarget;
			buildConfigurationList = 205B66941E2203B70092D64C /* Build configuration list for PBXNativeTarget "weatherUITests" */;
			buildPhases = (
				205B66811E2203B70092D64C /* Sources */,
				205B66821E2203B70092D64C /* Frameworks */,
				205B66831E2203B70092D64C /* Resources */,
			);
			buildRules = (
			);
			dependencies = (
				205B66871E2203B70092D64C /* PBXTargetDependency */,
			);
			name = weatherUITests;
			productName = weatherUITests;
			productReference = 205B66851E2203B70092D64C /* weatherUITests.xctest */;
			productType = "com.apple.product-type.bundle.ui-testing";
		};
/* End PBXNativeTarget section */

/* Begin PBXProject section */
		205B66591E2203B70092D64C /* Project object */ = {
			isa = PBXProject;
			attributes = {
				LastUpgradeCheck = 0810;
				ORGANIZATIONNAME = csy;
				TargetAttributes = {
					2019BD7B1E2600A200039368 = {
						CreatedOnToolsVersion = 8.1;
						DevelopmentTeam = W2P2A5AUVA;
						ProvisioningStyle = Automatic;
						SystemCapabilities = {
							com.apple.ApplicationGroups.iOS = {
								enabled = 1;
							};
						};
					};
					205B66601E2203B70092D64C = {
						CreatedOnToolsVersion = 8.1;
						DevelopmentTeam = W2P2A5AUVA;
						ProvisioningStyle = Automatic;
						SystemCapabilities = {
							com.apple.ApplicationGroups.iOS = {
								enabled = 0;
							};
						};
					};
					205B66791E2203B70092D64C = {
						CreatedOnToolsVersion = 8.1;
						DevelopmentTeam = W2P2A5AUVA;
						ProvisioningStyle = Automatic;
						TestTargetID = 205B66601E2203B70092D64C;
					};
					205B66841E2203B70092D64C = {
						CreatedOnToolsVersion = 8.1;
						DevelopmentTeam = W2P2A5AUVA;
						ProvisioningStyle = Automatic;
						TestTargetID = 205B66601E2203B70092D64C;
					};
				};
			};
			buildConfigurationList = 205B665C1E2203B70092D64C /* Build configuration list for PBXProject "weather" */;
			compatibilityVersion = "Xcode 3.2";
			developmentRegion = English;
			hasScannedForEncodings = 0;
			knownRegions = (
				en,
				Base,
			);
			mainGroup = 205B66581E2203B70092D64C;
			productRefGroup = 205B66621E2203B70092D64C /* Products */;
			projectDirPath = "";
			projectRoot = "";
			targets = (
				205B66601E2203B70092D64C /* weather */,
				205B66791E2203B70092D64C /* weatherTests */,
				205B66841E2203B70092D64C /* weatherUITests */,
				2019BD7B1E2600A200039368 /* weatherTodayExtension */,
			);
		};
/* End PBXProject section */

/* Begin PBXResourcesBuildPhase section */
		2019BD7A1E2600A200039368 /* Resources */ = {
			isa = PBXResourcesBuildPhase;
			buildActionMask = 2147483647;
			files = (
				2019BD851E2600A200039368 /* MainInterface.storyboard in Resources */,
				2019BD961E2714B700039368 /* 102.png in Resources */,
			);
			runOnlyForDeploymentPostprocessing = 0;
		};
		205B665F1E2203B70092D64C /* Resources */ = {
			isa = PBXResourcesBuildPhase;
			buildActionMask = 2147483647;
			files = (
				20B6E3FA1E23973D00C91D4F /* weatherTableViewCell.xib in Resources */,
				20B6E4021E23977800C91D4F /* forecastTableViewCell.xib in Resources */,
				205B66741E2203B70092D64C /* LaunchScreen.storyboard in Resources */,
				20B6E40C1E2397ED00C91D4F /* weatherTodayTableViewCell.xib in Resources */,
				205B66711E2203B70092D64C /* Assets.xcassets in Resources */,
				20607B0F1E24DCEF00D9FFA4 /* weatherHourTableViewCell.xib in Resources */,
				20B6E4071E23978E00C91D4F /* suggestTableViewCell.xib in Resources */,
				205B666F1E2203B70092D64C /* Main.storyboard in Resources */,
				20607B0A1E24C45300D9FFA4 /* Helvetica LT 25 Ultra Light.ttf in Resources */,
			);
			runOnlyForDeploymentPostprocessing = 0;
		};
		205B66781E2203B70092D64C /* Resources */ = {
			isa = PBXResourcesBuildPhase;
			buildActionMask = 2147483647;
			files = (
			);
			runOnlyForDeploymentPostprocessing = 0;
		};
		205B66831E2203B70092D64C /* Resources */ = {
			isa = PBXResourcesBuildPhase;
			buildActionMask = 2147483647;
			files = (
			);
			runOnlyForDeploymentPostprocessing = 0;
		};
/* End PBXResourcesBuildPhase section */

/* Begin PBXSourcesBuildPhase section */
		2019BD781E2600A200039368 /* Sources */ = {
			isa = PBXSourcesBuildPhase;
			buildActionMask = 2147483647;
			files = (
				2019BD821E2600A200039368 /* TodayViewController.m in Sources */,
			);
			runOnlyForDeploymentPostprocessing = 0;
		};
		205B665D1E2203B70092D64C /* Sources */ = {
			isa = PBXSourcesBuildPhase;
			buildActionMask = 2147483647;
			files = (
				205B66691E2203B70092D64C /* AppDelegate.m in Sources */,
				205B66661E2203B70092D64C /* main.m in Sources */,
				20B6E40B1E2397ED00C91D4F /* weatherTodayTableViewCell.m in Sources */,
				20B6E3F51E23933D00C91D4F /* weatherTableViewController.m in Sources */,
				20B6E4011E23977800C91D4F /* forecastTableViewCell.m in Sources */,
				20B6E4061E23978E00C91D4F /* suggestTableViewCell.m in Sources */,
				20607B0E1E24DCEF00D9FFA4 /* weatherHourTableViewCell.m in Sources */,
				20B6E3F91E23973D00C91D4F /* weatherTableViewCell.m in Sources */,
			);
			runOnlyForDeploymentPostprocessing = 0;
		};
		205B66761E2203B70092D64C /* Sources */ = {
			isa = PBXSourcesBuildPhase;
			buildActionMask = 2147483647;
			files = (
				205B667F1E2203B70092D64C /* weatherTests.m in Sources */,
			);
			runOnlyForDeploymentPostprocessing = 0;
		};
		205B66811E2203B70092D64C /* Sources */ = {
			isa = PBXSourcesBuildPhase;
			buildActionMask = 2147483647;
			files = (
				205B668A1E2203B70092D64C /* weatherUITests.m in Sources */,
			);
			runOnlyForDeploymentPostprocessing = 0;
		};
/* End PBXSourcesBuildPhase section */

/* Begin PBXTargetDependency section */
		2019BD881E2600A200039368 /* PBXTargetDependency */ = {
			isa = PBXTargetDependency;
			target = 2019BD7B1E2600A200039368 /* weatherTodayExtension */;
			targetProxy = 2019BD871E2600A200039368 /* PBXContainerItemProxy */;
		};
		205B667C1E2203B70092D64C /* PBXTargetDependency */ = {
			isa = PBXTargetDependency;
			target = 205B66601E2203B70092D64C /* weather */;
			targetProxy = 205B667B1E2203B70092D64C /* PBXContainerItemProxy */;
		};
		205B66871E2203B70092D64C /* PBXTargetDependency */ = {
			isa = PBXTargetDependency;
			target = 205B66601E2203B70092D64C /* weather */;
			targetProxy = 205B66861E2203B70092D64C /* PBXContainerItemProxy */;
		};
/* End PBXTargetDependency section */

/* Begin PBXVariantGroup section */
		2019BD831E2600A200039368 /* MainInterface.storyboard */ = {
			isa = PBXVariantGroup;
			children = (
				2019BD841E2600A200039368 /* Base */,
			);
			name = MainInterface.storyboard;
			sourceTree = "<group>";
		};
		205B666D1E2203B70092D64C /* Main.storyboard */ = {
			isa = PBXVariantGroup;
			children = (
				205B666E1E2203B70092D64C /* Base */,
			);
			name = Main.storyboard;
			sourceTree = "<group>";
		};
		205B66721E2203B70092D64C /* LaunchScreen.storyboard */ = {
			isa = PBXVariantGroup;
			children = (
				205B66731E2203B70092D64C /* Base */,
			);
			name = LaunchScreen.storyboard;
			sourceTree = "<group>";
		};
/* End PBXVariantGroup section */

/* Begin XCBuildConfiguration section */
		2019BD8B1E2600A200039368 /* Debug */ = {
			isa = XCBuildConfiguration;
			buildSettings = {
				CODE_SIGN_ENTITLEMENTS = weatherTodayExtension/weatherTodayExtension.entitlements;
				DEVELOPMENT_TEAM = W2P2A5AUVA;
				INFOPLIST_FILE = weatherTodayExtension/Info.plist;
				LD_RUNPATH_SEARCH_PATHS = "$(inherited) @executable_path/Frameworks @executable_path/../../Frameworks";
				PRODUCT_BUNDLE_IDENTIFIER = csy.weather.weatherTodayExtension;
				PRODUCT_NAME = "$(TARGET_NAME)";
				SKIP_INSTALL = YES;
			};
			name = Debug;
		};
		2019BD8C1E2600A200039368 /* Release */ = {
			isa = XCBuildConfiguration;
			buildSettings = {
				CODE_SIGN_ENTITLEMENTS = weatherTodayExtension/weatherTodayExtension.entitlements;
				DEVELOPMENT_TEAM = W2P2A5AUVA;
				INFOPLIST_FILE = weatherTodayExtension/Info.plist;
				LD_RUNPATH_SEARCH_PATHS = "$(inherited) @executable_path/Frameworks @executable_path/../../Frameworks";
				PRODUCT_BUNDLE_IDENTIFIER = csy.weather.weatherTodayExtension;
				PRODUCT_NAME = "$(TARGET_NAME)";
				SKIP_INSTALL = YES;
			};
			name = Release;
		};
		205B668C1E2203B70092D64C /* Debug */ = {
			isa = XCBuildConfiguration;
			buildSettings = {
				ALWAYS_SEARCH_USER_PATHS = NO;
				CLANG_ANALYZER_NONNULL = YES;
				CLANG_CXX_LANGUAGE_STANDARD = "gnu++0x";
				CLANG_CXX_LIBRARY = "libc++";
				CLANG_ENABLE_MODULES = YES;
				CLANG_ENABLE_OBJC_ARC = YES;
				CLANG_WARN_BOOL_CONVERSION = YES;
				CLANG_WARN_CONSTANT_CONVERSION = YES;
				CLANG_WARN_DIRECT_OBJC_ISA_USAGE = YES_ERROR;
				CLANG_WARN_DOCUMENTATION_COMMENTS = YES;
				CLANG_WARN_EMPTY_BODY = YES;
				CLANG_WARN_ENUM_CONVERSION = YES;
				CLANG_WARN_INFINITE_RECURSION = YES;
				CLANG_WARN_INT_CONVERSION = YES;
				CLANG_WARN_OBJC_ROOT_CLASS = YES_ERROR;
				CLANG_WARN_SUSPICIOUS_MOVES = YES;
				CLANG_WARN_UNREACHABLE_CODE = YES;
				CLANG_WARN__DUPLICATE_METHOD_MATCH = YES;
				"CODE_SIGN_IDENTITY[sdk=iphoneos*]" = "iPhone Developer";
				COPY_PHASE_STRIP = NO;
				DEBUG_INFORMATION_FORMAT = dwarf;
				ENABLE_STRICT_OBJC_MSGSEND = YES;
				ENABLE_TESTABILITY = YES;
				GCC_C_LANGUAGE_STANDARD = gnu99;
				GCC_DYNAMIC_NO_PIC = NO;
				GCC_NO_COMMON_BLOCKS = YES;
				GCC_OPTIMIZATION_LEVEL = 0;
				GCC_PREPROCESSOR_DEFINITIONS = (
					"DEBUG=1",
					"$(inherited)",
				);
				GCC_WARN_64_TO_32_BIT_CONVERSION = YES;
				GCC_WARN_ABOUT_RETURN_TYPE = YES_ERROR;
				GCC_WARN_UNDECLARED_SELECTOR = YES;
				GCC_WARN_UNINITIALIZED_AUTOS = YES_AGGRESSIVE;
				GCC_WARN_UNUSED_FUNCTION = YES;
				GCC_WARN_UNUSED_VARIABLE = YES;
				IPHONEOS_DEPLOYMENT_TARGET = 10.1;
				MTL_ENABLE_DEBUG_INFO = YES;
				ONLY_ACTIVE_ARCH = YES;
				SDKROOT = iphoneos;
			};
			name = Debug;
		};
		205B668D1E2203B70092D64C /* Release */ = {
			isa = XCBuildConfiguration;
			buildSettings = {
				ALWAYS_SEARCH_USER_PATHS = NO;
				CLANG_ANALYZER_NONNULL = YES;
				CLANG_CXX_LANGUAGE_STANDARD = "gnu++0x";
				CLANG_CXX_LIBRARY = "libc++";
				CLANG_ENABLE_MODULES = YES;
				CLANG_ENABLE_OBJC_ARC = YES;
				CLANG_WARN_BOOL_CONVERSION = YES;
				CLANG_WARN_CONSTANT_CONVERSION = YES;
				CLANG_WARN_DIRECT_OBJC_ISA_USAGE = YES_ERROR;
				CLANG_WARN_DOCUMENTATION_COMMENTS = YES;
				CLANG_WARN_EMPTY_BODY = YES;
				CLANG_WARN_ENUM_CONVERSION = YES;
				CLANG_WARN_INFINITE_RECURSION = YES;
				CLANG_WARN_INT_CONVERSION = YES;
				CLANG_WARN_OBJC_ROOT_CLASS = YES_ERROR;
				CLANG_WARN_SUSPICIOUS_MOVES = YES;
				CLANG_WARN_UNREACHABLE_CODE = YES;
				CLANG_WARN__DUPLICATE_METHOD_MATCH = YES;
				"CODE_SIGN_IDENTITY[sdk=iphoneos*]" = "iPhone Developer";
				COPY_PHASE_STRIP = NO;
				DEBUG_INFORMATION_FORMAT = "dwarf-with-dsym";
				ENABLE_NS_ASSERTIONS = NO;
				ENABLE_STRICT_OBJC_MSGSEND = YES;
				GCC_C_LANGUAGE_STANDARD = gnu99;
				GCC_NO_COMMON_BLOCKS = YES;
				GCC_WARN_64_TO_32_BIT_CONVERSION = YES;
				GCC_WARN_ABOUT_RETURN_TYPE = YES_ERROR;
				GCC_WARN_UNDECLARED_SELECTOR = YES;
				GCC_WARN_UNINITIALIZED_AUTOS = YES_AGGRESSIVE;
				GCC_WARN_UNUSED_FUNCTION = YES;
				GCC_WARN_UNUSED_VARIABLE = YES;
				IPHONEOS_DEPLOYMENT_TARGET = 10.1;
				MTL_ENABLE_DEBUG_INFO = NO;
				SDKROOT = iphoneos;
				VALIDATE_PRODUCT = YES;
			};
			name = Release;
		};
		205B668F1E2203B70092D64C /* Debug */ = {
			isa = XCBuildConfiguration;
			buildSettings = {
				ASSETCATALOG_COMPILER_APPICON_NAME = AppIcon;
				DEVELOPMENT_TEAM = W2P2A5AUVA;
				INFOPLIST_FILE = weather/Info.plist;
				LD_RUNPATH_SEARCH_PATHS = "$(inherited) @executable_path/Frameworks";
				PRODUCT_BUNDLE_IDENTIFIER = csy.weather;
				PRODUCT_NAME = "$(TARGET_NAME)";
			};
			name = Debug;
		};
		205B66901E2203B70092D64C /* Release */ = {
			isa = XCBuildConfiguration;
			buildSettings = {
				ASSETCATALOG_COMPILER_APPICON_NAME = AppIcon;
				DEVELOPMENT_TEAM = W2P2A5AUVA;
				INFOPLIST_FILE = weather/Info.plist;
				LD_RUNPATH_SEARCH_PATHS = "$(inherited) @executable_path/Frameworks";
				PRODUCT_BUNDLE_IDENTIFIER = csy.weather;
				PRODUCT_NAME = "$(TARGET_NAME)";
			};
			name = Release;
		};
		205B66921E2203B70092D64C /* Debug */ = {
			isa = XCBuildConfiguration;
			buildSettings = {
				BUNDLE_LOADER = "$(TEST_HOST)";
				DEVELOPMENT_TEAM = W2P2A5AUVA;
				INFOPLIST_FILE = weatherTests/Info.plist;
				LD_RUNPATH_SEARCH_PATHS = "$(inherited) @executable_path/Frameworks @loader_path/Frameworks";
				PRODUCT_BUNDLE_IDENTIFIER = csy.weatherTests;
				PRODUCT_NAME = "$(TARGET_NAME)";
				TEST_HOST = "$(BUILT_PRODUCTS_DIR)/weather.app/weather";
			};
			name = Debug;
		};
		205B66931E2203B70092D64C /* Release */ = {
			isa = XCBuildConfiguration;
			buildSettings = {
				BUNDLE_LOADER = "$(TEST_HOST)";
				DEVELOPMENT_TEAM = W2P2A5AUVA;
				INFOPLIST_FILE = weatherTests/Info.plist;
				LD_RUNPATH_SEARCH_PATHS = "$(inherited) @executable_path/Frameworks @loader_path/Frameworks";
				PRODUCT_BUNDLE_IDENTIFIER = csy.weatherTests;
				PRODUCT_NAME = "$(TARGET_NAME)";
				TEST_HOST = "$(BUILT_PRODUCTS_DIR)/weather.app/weather";
			};
			name = Release;
		};
		205B66951E2203B70092D64C /* Debug */ = {
			isa = XCBuildConfiguration;
			buildSettings = {
				DEVELOPMENT_TEAM = W2P2A5AUVA;
				INFOPLIST_FILE = weatherUITests/Info.plist;
				LD_RUNPATH_SEARCH_PATHS = "$(inherited) @executable_path/Frameworks @loader_path/Frameworks";
				PRODUCT_BUNDLE_IDENTIFIER = csy.weatherUITests;
				PRODUCT_NAME = "$(TARGET_NAME)";
				TEST_TARGET_NAME = weather;
			};
			name = Debug;
		};
		205B66961E2203B70092D64C /* Release */ = {
			isa = XCBuildConfiguration;
			buildSettings = {
				DEVELOPMENT_TEAM = W2P2A5AUVA;
				INFOPLIST_FILE = weatherUITests/Info.plist;
				LD_RUNPATH_SEARCH_PATHS = "$(inherited) @executable_path/Frameworks @loader_path/Frameworks";
				PRODUCT_BUNDLE_IDENTIFIER = csy.weatherUITests;
				PRODUCT_NAME = "$(TARGET_NAME)";
				TEST_TARGET_NAME = weather;
			};
			name = Release;
		};
/* End XCBuildConfiguration section */

/* Begin XCConfigurationList section */
		2019BD8A1E2600A200039368 /* Build configuration list for PBXNativeTarget "weatherTodayExtension" */ = {
			isa = XCConfigurationList;
			buildConfigurations = (
				2019BD8B1E2600A200039368 /* Debug */,
				2019BD8C1E2600A200039368 /* Release */,
			);
			defaultConfigurationIsVisible = 0;
			defaultConfigurationName = Release;
		};
		205B665C1E2203B70092D64C /* Build configuration list for PBXProject "weather" */ = {
			isa = XCConfigurationList;
			buildConfigurations = (
				205B668C1E2203B70092D64C /* Debug */,
				205B668D1E2203B70092D64C /* Release */,
			);
			defaultConfigurationIsVisible = 0;
			defaultConfigurationName = Release;
		};
		205B668E1E2203B70092D64C /* Build configuration list for PBXNativeTarget "weather" */ = {
			isa = XCConfigurationList;
			buildConfigurations = (
				205B668F1E2203B70092D64C /* Debug */,
				205B66901E2203B70092D64C /* Release */,
			);
			defaultConfigurationIsVisible = 0;
			defaultConfigurationName = Release;
		};
		205B66911E2203B70092D64C /* Build configuration list for PBXNativeTarget "weatherTests" */ = {
			isa = XCConfigurationList;
			buildConfigurations = (
				205B66921E2203B70092D64C /* Debug */,
				205B66931E2203B70092D64C /* Release */,
			);
			defaultConfigurationIsVisible = 0;
			defaultConfigurationName = Release;
		};
		205B66941E2203B70092D64C /* Build configuration list for PBXNativeTarget "weatherUITests" */ = {
			isa = XCConfigurationList;
			buildConfigurations = (
				205B66951E2203B70092D64C /* Debug */,
				205B66961E2203B70092D64C /* Release */,
			);
			defaultConfigurationIsVisible = 0;
			defaultConfigurationName = Release;
		};
/* End XCConfigurationList section */
	};
	rootObject = 205B66591E2203B70092D64C /* Project object */;
}
